
Microsoft Visual Studio Solution File, Format Version 12.00
# Visual Studio Version 17
VisualStudioVersion = 17.14.36221.1 d17.14
MinimumVisualStudioVersion = 10.0.40219.1
Project("{FAE04EC0-301F-11D3-BF4B-00C04F79EFBC}") = "TodoApp", "TodoApp\TodoApp.csproj", "{1BEEB98F-1A42-4E95-BAC1-842C4907B961}"
EndProject
Global
	GlobalSection(SolutionConfigurationPlatforms) = preSolution
		Debug|Any CPU = Debug|Any CPU
		Release|Any CPU = Release|Any CPU
	EndGlobalSection
	GlobalSection(ProjectConfigurationPlatforms) = postSolution
		{1BEEB98F-1A42-4E95-BAC1-842C4907B961}.Debug|Any CPU.ActiveCfg = Debug|Any CPU
		{1BEEB98F-1A42-4E95-BAC1-842C4907B961}.Debug|Any CPU.Build.0 = Debug|Any CPU
		{1BEEB98F-1A42-4E95-BAC1-842C4907B961}.Release|Any CPU.ActiveCfg = Release|Any CPU
		{1BEEB98F-1A42-4E95-BAC1-842C4907B961}.Release|Any CPU.Build.0 = Release|Any CPU
	EndGlobalSection
	GlobalSection(SolutionProperties) = preSolution
		HideSolutionNode = FALSE
	EndGlobalSection
	GlobalSection(ExtensibilityGlobals) = postSolution
		SolutionGuid = {E4612AD3-4058-483B-B365-2F0CCC55165A}
	EndGlobalSection
EndGlobal
